
Microsoft Visual Studio Solution File, Format Version 12.00
# Visual Studio Version 17
VisualStudioVersion = 17.12.35527.113
MinimumVisualStudioVersion = 10.0.40219.1
Project("{FAE04EC0-301F-11D3-BF4B-00C04F79EFBC}") = "ITSystem", "ITSystem\ITSystem.csproj", "{BF2BC775-8BA8-4ECE-9B7B-F1D6E412E331}"
EndProject
Project("{FAE04EC0-301F-11D3-BF4B-00C04F79EFBC}") = "OTSystem", "OTSystem\OTSystem.csproj", "{F53DC3FB-2833-4908-A30A-5E42BCD50466}"
EndProject
Project("{FAE04EC0-301F-11D3-BF4B-00C04F79EFBC}") = "IntegrationSystem", "IntegrationSystem\IntegrationSystem.csproj", "{DD37369E-5787-4036-9057-6E42A4BC6414}"
EndProject
Project("{FAE04EC0-301F-11D3-BF4B-00C04F79EFBC}") = "Shared", "Shared\Shared.csproj", "{F4C2CBC8-DCC5-4107-B9B4-D705E02163C1}"
EndProject
Global
	GlobalSection(SolutionConfigurationPlatforms) = preSolution
		Debug|Any CPU = Debug|Any CPU
		Release|Any CPU = Release|Any CPU
	EndGlobalSection
	GlobalSection(ProjectConfigurationPlatforms) = postSolution
		{BF2BC775-8BA8-4ECE-9B7B-F1D6E412E331}.Debug|Any CPU.ActiveCfg = Debug|Any CPU
		{BF2BC775-8BA8-4ECE-9B7B-F1D6E412E331}.Debug|Any CPU.Build.0 = Debug|Any CPU
		{BF2BC775-8BA8-4ECE-9B7B-F1D6E412E331}.Release|Any CPU.ActiveCfg = Release|Any CPU
		{BF2BC775-8BA8-4ECE-9B7B-F1D6E412E331}.Release|Any CPU.Build.0 = Release|Any CPU
		{F53DC3FB-2833-4908-A30A-5E42BCD50466}.Debug|Any CPU.ActiveCfg = Debug|Any CPU
		{F53DC3FB-2833-4908-A30A-5E42BCD50466}.Debug|Any CPU.Build.0 = Debug|Any CPU
		{F53DC3FB-2833-4908-A30A-5E42BCD50466}.Release|Any CPU.ActiveCfg = Release|Any CPU
		{F53DC3FB-2833-4908-A30A-5E42BCD50466}.Release|Any CPU.Build.0 = Release|Any CPU
		{DD37369E-5787-4036-9057-6E42A4BC6414}.Debug|Any CPU.ActiveCfg = Debug|Any CPU
		{DD37369E-5787-4036-9057-6E42A4BC6414}.Debug|Any CPU.Build.0 = Debug|Any CPU
		{DD37369E-5787-4036-9057-6E42A4BC6414}.Release|Any CPU.ActiveCfg = Release|Any CPU
		{DD37369E-5787-4036-9057-6E42A4BC6414}.Release|Any CPU.Build.0 = Release|Any CPU
		{F4C2CBC8-DCC5-4107-B9B4-D705E02163C1}.Debug|Any CPU.ActiveCfg = Debug|Any CPU
		{F4C2CBC8-DCC5-4107-B9B4-D705E02163C1}.Debug|Any CPU.Build.0 = Debug|Any CPU
		{F4C2CBC8-DCC5-4107-B9B4-D705E02163C1}.Release|Any CPU.ActiveCfg = Release|Any CPU
		{F4C2CBC8-DCC5-4107-B9B4-D705E02163C1}.Release|Any CPU.Build.0 = Release|Any CPU
	EndGlobalSection
	GlobalSection(SolutionProperties) = preSolution
		HideSolutionNode = FALSE
	EndGlobalSection
EndGlobal
